
Microsoft Visual Studio Solution File, Format Version 12.00
# Visual Studio 2013
VisualStudioVersion = 12.0.20827.3
MinimumVisualStudioVersion = 10.0.40219.1
Project("{2150E333-8FDC-42A3-9474-1A3956D46DE8}") = ".nuget", ".nuget", "{A352161D-5D4C-4448-A044-0D41581C098B}"
	ProjectSection(SolutionItems) = preProject
		.nuget\packages.config = .nuget\packages.config
	EndProjectSection
EndProject
Project("{2150E333-8FDC-42A3-9474-1A3956D46DE8}") = "MVC", "MVC", "{ADD77757-A11F-40C7-A09B-2C1B579D60D3}"
EndProject
Project("{2150E333-8FDC-42A3-9474-1A3956D46DE8}") = "Sharepoint", "Sharepoint", "{E2619EE1-F1B0-492C-83FF-C20FD4D1022F}"
EndProject
Project("{2150E333-8FDC-42A3-9474-1A3956D46DE8}") = "Tests", "Tests", "{121A1FF8-757F-481E-9ADC-BFAC8B8CA790}"
EndProject
Project("{FAE04EC0-301F-11D3-BF4B-00C04F79EFBC}") = "DAL", "MVC\DAL\DAL.csproj", "{9ED082A1-A74A-4BC1-9AC0-2EEEEBF64915}"
EndProject
Project("{FAE04EC0-301F-11D3-BF4B-00C04F79EFBC}") = "DTO", "MVC\DTO\DTO.csproj", "{BC3786F9-8F3A-4861-860C-A2225993F42B}"
EndProject
Project("{FAE04EC0-301F-11D3-BF4B-00C04F79EFBC}") = "MvcApplication1", "MVC\MvcApplication1\MvcApplication1.csproj", "{73AAB448-C223-4AF7-BC4B-D77171A68270}"
EndProject
Project("{FAE04EC0-301F-11D3-BF4B-00C04F79EFBC}") = "MvcApplication1.Tests", "MVC\MvcApplication1.Tests\MvcApplication1.Tests.csproj", "{7EE1109E-B3D7-4B09-BEDD-A8B45FD93E6B}"
EndProject
Project("{FAE04EC0-301F-11D3-BF4B-00C04F79EFBC}") = "MyControls", "sharepoint\MyControls\MyControls.csproj", "{76E5E083-B584-4DB3-86BC-228E33B9DCFF}"
EndProject
Project("{FAE04EC0-301F-11D3-BF4B-00C04F79EFBC}") = "PresentationLayer", "sharepoint\PresentationLayer\PresentationLayer.csproj", "{3EBA9F97-3E80-4E37-A446-5F11DBCDBA02}"
EndProject
Project("{FAE04EC0-301F-11D3-BF4B-00C04F79EFBC}") = "Interfaces", "sharepoint\Interfaces\Interfaces.csproj", "{20A63D56-DCBA-4EEE-8428-C557D1824B32}"
EndProject
Project("{FAE04EC0-301F-11D3-BF4B-00C04F79EFBC}") = "Model", "sharepoint\Model\Model.csproj", "{A97F60DD-AFD3-4500-B55E-718D5BA87111}"
EndProject
Project("{FAE04EC0-301F-11D3-BF4B-00C04F79EFBC}") = "Model.Tests", "sharepoint\Tests\Model.Tests\Model.Tests.csproj", "{46355397-8105-4DB2-AF7F-D4529C7D348E}"
EndProject
Project("{FAE04EC0-301F-11D3-BF4B-00C04F79EFBC}") = "DTO", "sharepoint\DTO\DTO.csproj", "{5B0AB90B-929A-440C-88E8-AF4214B52BD4}"
EndProject
Project("{2150E333-8FDC-42A3-9474-1A3956D46DE8}") = "Azure", "Azure", "{BD958509-9959-463C-8D29-1A5D7E4CF710}"
EndProject
Project("{FAE04EC0-301F-11D3-BF4B-00C04F79EFBC}") = "AssetsUploader", "Azure\AssetsUploader\AssetsUploader.csproj", "{F1C9A67C-3534-4211-8CC3-60BC5FEDF9EC}"
EndProject
Global
	GlobalSection(SolutionConfigurationPlatforms) = preSolution
		Debug|Any CPU = Debug|Any CPU
		Release|Any CPU = Release|Any CPU
	EndGlobalSection
	GlobalSection(ProjectConfigurationPlatforms) = postSolution
		{9ED082A1-A74A-4BC1-9AC0-2EEEEBF64915}.Debug|Any CPU.ActiveCfg = Debug|Any CPU
		{9ED082A1-A74A-4BC1-9AC0-2EEEEBF64915}.Debug|Any CPU.Build.0 = Debug|Any CPU
		{9ED082A1-A74A-4BC1-9AC0-2EEEEBF64915}.Release|Any CPU.ActiveCfg = Release|Any CPU
		{9ED082A1-A74A-4BC1-9AC0-2EEEEBF64915}.Release|Any CPU.Build.0 = Release|Any CPU
		{BC3786F9-8F3A-4861-860C-A2225993F42B}.Debug|Any CPU.ActiveCfg = Debug|Any CPU
		{BC3786F9-8F3A-4861-860C-A2225993F42B}.Debug|Any CPU.Build.0 = Debug|Any CPU
		{BC3786F9-8F3A-4861-860C-A2225993F42B}.Release|Any CPU.ActiveCfg = Release|Any CPU
		{BC3786F9-8F3A-4861-860C-A2225993F42B}.Release|Any CPU.Build.0 = Release|Any CPU
		{73AAB448-C223-4AF7-BC4B-D77171A68270}.Debug|Any CPU.ActiveCfg = Debug|Any CPU
		{73AAB448-C223-4AF7-BC4B-D77171A68270}.Debug|Any CPU.Build.0 = Debug|Any CPU
		{73AAB448-C223-4AF7-BC4B-D77171A68270}.Release|Any CPU.ActiveCfg = Release|Any CPU
		{73AAB448-C223-4AF7-BC4B-D77171A68270}.Release|Any CPU.Build.0 = Release|Any CPU
		{7EE1109E-B3D7-4B09-BEDD-A8B45FD93E6B}.Debug|Any CPU.ActiveCfg = Debug|Any CPU
		{7EE1109E-B3D7-4B09-BEDD-A8B45FD93E6B}.Debug|Any CPU.Build.0 = Debug|Any CPU
		{7EE1109E-B3D7-4B09-BEDD-A8B45FD93E6B}.Release|Any CPU.ActiveCfg = Release|Any CPU
		{7EE1109E-B3D7-4B09-BEDD-A8B45FD93E6B}.Release|Any CPU.Build.0 = Release|Any CPU
		{76E5E083-B584-4DB3-86BC-228E33B9DCFF}.Debug|Any CPU.ActiveCfg = Debug|Any CPU
		{76E5E083-B584-4DB3-86BC-228E33B9DCFF}.Debug|Any CPU.Build.0 = Debug|Any CPU
		{76E5E083-B584-4DB3-86BC-228E33B9DCFF}.Debug|Any CPU.Deploy.0 = Debug|Any CPU
		{76E5E083-B584-4DB3-86BC-228E33B9DCFF}.Release|Any CPU.ActiveCfg = Release|Any CPU
		{76E5E083-B584-4DB3-86BC-228E33B9DCFF}.Release|Any CPU.Build.0 = Release|Any CPU
		{76E5E083-B584-4DB3-86BC-228E33B9DCFF}.Release|Any CPU.Deploy.0 = Release|Any CPU
		{3EBA9F97-3E80-4E37-A446-5F11DBCDBA02}.Debug|Any CPU.ActiveCfg = Debug|Any CPU
		{3EBA9F97-3E80-4E37-A446-5F11DBCDBA02}.Debug|Any CPU.Build.0 = Debug|Any CPU
		{3EBA9F97-3E80-4E37-A446-5F11DBCDBA02}.Release|Any CPU.ActiveCfg = Release|Any CPU
		{3EBA9F97-3E80-4E37-A446-5F11DBCDBA02}.Release|Any CPU.Build.0 = Release|Any CPU
		{20A63D56-DCBA-4EEE-8428-C557D1824B32}.Debug|Any CPU.ActiveCfg = Debug|Any CPU
		{20A63D56-DCBA-4EEE-8428-C557D1824B32}.Debug|Any CPU.Build.0 = Debug|Any CPU
		{20A63D56-DCBA-4EEE-8428-C557D1824B32}.Release|Any CPU.ActiveCfg = Release|Any CPU
		{20A63D56-DCBA-4EEE-8428-C557D1824B32}.Release|Any CPU.Build.0 = Release|Any CPU
		{A97F60DD-AFD3-4500-B55E-718D5BA87111}.Debug|Any CPU.ActiveCfg = Debug|Any CPU
		{A97F60DD-AFD3-4500-B55E-718D5BA87111}.Debug|Any CPU.Build.0 = Debug|Any CPU
		{A97F60DD-AFD3-4500-B55E-718D5BA87111}.Release|Any CPU.ActiveCfg = Release|Any CPU
		{A97F60DD-AFD3-4500-B55E-718D5BA87111}.Release|Any CPU.Build.0 = Release|Any CPU
		{46355397-8105-4DB2-AF7F-D4529C7D348E}.Debug|Any CPU.ActiveCfg = Debug|Any CPU
		{46355397-8105-4DB2-AF7F-D4529C7D348E}.Debug|Any CPU.Build.0 = Debug|Any CPU
		{46355397-8105-4DB2-AF7F-D4529C7D348E}.Release|Any CPU.ActiveCfg = Release|Any CPU
		{46355397-8105-4DB2-AF7F-D4529C7D348E}.Release|Any CPU.Build.0 = Release|Any CPU
		{5B0AB90B-929A-440C-88E8-AF4214B52BD4}.Debug|Any CPU.ActiveCfg = Debug|Any CPU
		{5B0AB90B-929A-440C-88E8-AF4214B52BD4}.Debug|Any CPU.Build.0 = Debug|Any CPU
		{5B0AB90B-929A-440C-88E8-AF4214B52BD4}.Release|Any CPU.ActiveCfg = Release|Any CPU
		{5B0AB90B-929A-440C-88E8-AF4214B52BD4}.Release|Any CPU.Build.0 = Release|Any CPU
		{F1C9A67C-3534-4211-8CC3-60BC5FEDF9EC}.Debug|Any CPU.ActiveCfg = Debug|Any CPU
		{F1C9A67C-3534-4211-8CC3-60BC5FEDF9EC}.Debug|Any CPU.Build.0 = Debug|Any CPU
		{F1C9A67C-3534-4211-8CC3-60BC5FEDF9EC}.Release|Any CPU.ActiveCfg = Release|Any CPU
		{F1C9A67C-3534-4211-8CC3-60BC5FEDF9EC}.Release|Any CPU.Build.0 = Release|Any CPU
	EndGlobalSection
	GlobalSection(SolutionProperties) = preSolution
		HideSolutionNode = FALSE
	EndGlobalSection
	GlobalSection(NestedProjects) = preSolution
		{9ED082A1-A74A-4BC1-9AC0-2EEEEBF64915} = {ADD77757-A11F-40C7-A09B-2C1B579D60D3}
		{BC3786F9-8F3A-4861-860C-A2225993F42B} = {ADD77757-A11F-40C7-A09B-2C1B579D60D3}
		{73AAB448-C223-4AF7-BC4B-D77171A68270} = {ADD77757-A11F-40C7-A09B-2C1B579D60D3}
		{7EE1109E-B3D7-4B09-BEDD-A8B45FD93E6B} = {ADD77757-A11F-40C7-A09B-2C1B579D60D3}
		{121A1FF8-757F-481E-9ADC-BFAC8B8CA790} = {E2619EE1-F1B0-492C-83FF-C20FD4D1022F}
		{76E5E083-B584-4DB3-86BC-228E33B9DCFF} = {E2619EE1-F1B0-492C-83FF-C20FD4D1022F}
		{3EBA9F97-3E80-4E37-A446-5F11DBCDBA02} = {E2619EE1-F1B0-492C-83FF-C20FD4D1022F}
		{20A63D56-DCBA-4EEE-8428-C557D1824B32} = {E2619EE1-F1B0-492C-83FF-C20FD4D1022F}
		{A97F60DD-AFD3-4500-B55E-718D5BA87111} = {E2619EE1-F1B0-492C-83FF-C20FD4D1022F}
		{5B0AB90B-929A-440C-88E8-AF4214B52BD4} = {E2619EE1-F1B0-492C-83FF-C20FD4D1022F}
		{46355397-8105-4DB2-AF7F-D4529C7D348E} = {121A1FF8-757F-481E-9ADC-BFAC8B8CA790}
		{F1C9A67C-3534-4211-8CC3-60BC5FEDF9EC} = {BD958509-9959-463C-8D29-1A5D7E4CF710}
	EndGlobalSection
EndGlobal
